hash: a83e554c731d44030019154c57b1f28082b195d5024cd9ce54990e01e20ee106
updated: 2017-04-22T14:57:50.71592618-04:00
imports:
- name: github.com/18F/seekret
  version: 27bffd7845abab1dbdd480b0ef844ce9b1c1a7b1
  subpackages:
  - models
  - sources/git
- name: github.com/codahale/blake2
  version: 8d10d0420cbfbdc9c1164c0c4ad3457a6c3771b9
- name: github.com/emptyinterface/sshconfig
  version: 9c4bfc0173e290759f33f37c0dcdb9af924be939
- name: github.com/libgit2/git2go
  version: 7cd5a4e731e982391b9274e17c7f32050d8e5b15
- name: github.com/urfave/cli
  version: 8ba6f23b6e36d03666a14bd9421f5e3efcb59aca
- name: gopkg.in/yaml.v2
  version: cd8b52f8269e0feb286dfeef29f8fe4d5b397e0b
testImports: []
